
Microsoft Visual Studio Solution File, Format Version 12.00
# Visual Studio Version 16
VisualStudioVersion = 16.0.28803.202
MinimumVisualStudioVersion = 10.0.40219.1
Project("{9A19103F-16F7-4668-BE54-9A1E7A4F7556}") = "PrimePenguin.CentraSharp", "CentraSharp\PrimePenguin.CentraSharp.csproj", "{220306A6-0BA1-485E-A8EE-A080F900D906}"
EndProject
Project("{9A19103F-16F7-4668-BE54-9A1E7A4F7556}") = "ConsoleApp1", "..\..\PrimePenguin.CentraSharp\ConsoleApp1\ConsoleApp1.csproj", "{C114FAAD-0868-4147-AD9D-3F4F6BA4A2DF}"
EndProject
Global
	GlobalSection(SolutionConfigurationPlatforms) = preSolution
		Debug|Any CPU = Debug|Any CPU
		Release|Any CPU = Release|Any CPU
	EndGlobalSection
	GlobalSection(ProjectConfigurationPlatforms) = postSolution
		{220306A6-0BA1-485E-A8EE-A080F900D906}.Debug|Any CPU.ActiveCfg = Debug|Any CPU
		{220306A6-0BA1-485E-A8EE-A080F900D906}.Debug|Any CPU.Build.0 = Debug|Any CPU
		{220306A6-0BA1-485E-A8EE-A080F900D906}.Release|Any CPU.ActiveCfg = Release|Any CPU
		{220306A6-0BA1-485E-A8EE-A080F900D906}.Release|Any CPU.Build.0 = Release|Any CPU
		{C114FAAD-0868-4147-AD9D-3F4F6BA4A2DF}.Debug|Any CPU.ActiveCfg = Debug|Any CPU
		{C114FAAD-0868-4147-AD9D-3F4F6BA4A2DF}.Debug|Any CPU.Build.0 = Debug|Any CPU
		{C114FAAD-0868-4147-AD9D-3F4F6BA4A2DF}.Release|Any CPU.ActiveCfg = Release|Any CPU
		{C114FAAD-0868-4147-AD9D-3F4F6BA4A2DF}.Release|Any CPU.Build.0 = Release|Any CPU
	EndGlobalSection
	GlobalSection(SolutionProperties) = preSolution
		HideSolutionNode = FALSE
	EndGlobalSection
	GlobalSection(ExtensibilityGlobals) = postSolution
		SolutionGuid = {F4C12F3B-46EC-4C2F-A29E-8A137DFCD44D}
	EndGlobalSection
EndGlobal
